
Microsoft Visual Studio Solution File, Format Version 12.00
# Visual Studio Version 17
VisualStudioVersion = 17.13.35913.81
MinimumVisualStudioVersion = 10.0.40219.1
Project("{FAE04EC0-301F-11D3-BF4B-00C04F79EFBC}") = "Pigeon.EmailDispatcher.Getway", "Pigeon.EmailDispatcher.Getway\Pigeon.EmailDispatcher.Getway.csproj", "{DBB2550C-BD35-4ACC-A810-BBDB9136390C}"
EndProject
Project("{FAE04EC0-301F-11D3-BF4B-00C04F79EFBC}") = "Pigeon.EmailDispatcher.Service", "Pigeon.EmailDispatcher.Service\Pigeon.EmailDispatcher.Service.csproj", "{7BD8D7D8-67AC-4F62-982C-A60D5E59D9AD}"
EndProject
Global
	GlobalSection(SolutionConfigurationPlatforms) = preSolution
		Debug|Any CPU = Debug|Any CPU
		Debug|x64 = Debug|x64
		Debug|x86 = Debug|x86
		Release|Any CPU = Release|Any CPU
		Release|x64 = Release|x64
		Release|x86 = Release|x86
	EndGlobalSection
	GlobalSection(ProjectConfigurationPlatforms) = postSolution
		{DBB2550C-BD35-4ACC-A810-BBDB9136390C}.Debug|Any CPU.ActiveCfg = Debug|Any CPU
		{DBB2550C-BD35-4ACC-A810-BBDB9136390C}.Debug|Any CPU.Build.0 = Debug|Any CPU
		{DBB2550C-BD35-4ACC-A810-BBDB9136390C}.Debug|x64.ActiveCfg = Debug|Any CPU
		{DBB2550C-BD35-4ACC-A810-BBDB9136390C}.Debug|x64.Build.0 = Debug|Any CPU
		{DBB2550C-BD35-4ACC-A810-BBDB9136390C}.Debug|x86.ActiveCfg = Debug|Any CPU
		{DBB2550C-BD35-4ACC-A810-BBDB9136390C}.Debug|x86.Build.0 = Debug|Any CPU
		{DBB2550C-BD35-4ACC-A810-BBDB9136390C}.Release|Any CPU.ActiveCfg = Release|Any CPU
		{DBB2550C-BD35-4ACC-A810-BBDB9136390C}.Release|Any CPU.Build.0 = Release|Any CPU
		{DBB2550C-BD35-4ACC-A810-BBDB9136390C}.Release|x64.ActiveCfg = Release|Any CPU
		{DBB2550C-BD35-4ACC-A810-BBDB9136390C}.Release|x64.Build.0 = Release|Any CPU
		{DBB2550C-BD35-4ACC-A810-BBDB9136390C}.Release|x86.ActiveCfg = Release|Any CPU
		{DBB2550C-BD35-4ACC-A810-BBDB9136390C}.Release|x86.Build.0 = Release|Any CPU
		{7BD8D7D8-67AC-4F62-982C-A60D5E59D9AD}.Debug|Any CPU.ActiveCfg = Debug|Any CPU
		{7BD8D7D8-67AC-4F62-982C-A60D5E59D9AD}.Debug|Any CPU.Build.0 = Debug|Any CPU
		{7BD8D7D8-67AC-4F62-982C-A60D5E59D9AD}.Debug|x64.ActiveCfg = Debug|Any CPU
		{7BD8D7D8-67AC-4F62-982C-A60D5E59D9AD}.Debug|x64.Build.0 = Debug|Any CPU
		{7BD8D7D8-67AC-4F62-982C-A60D5E59D9AD}.Debug|x86.ActiveCfg = Debug|Any CPU
		{7BD8D7D8-67AC-4F62-982C-A60D5E59D9AD}.Debug|x86.Build.0 = Debug|Any CPU
		{7BD8D7D8-67AC-4F62-982C-A60D5E59D9AD}.Release|Any CPU.ActiveCfg = Release|Any CPU
		{7BD8D7D8-67AC-4F62-982C-A60D5E59D9AD}.Release|Any CPU.Build.0 = Release|Any CPU
		{7BD8D7D8-67AC-4F62-982C-A60D5E59D9AD}.Release|x64.ActiveCfg = Release|Any CPU
		{7BD8D7D8-67AC-4F62-982C-A60D5E59D9AD}.Release|x64.Build.0 = Release|Any CPU
		{7BD8D7D8-67AC-4F62-982C-A60D5E59D9AD}.Release|x86.ActiveCfg = Release|Any CPU
		{7BD8D7D8-67AC-4F62-982C-A60D5E59D9AD}.Release|x86.Build.0 = Release|Any CPU
	EndGlobalSection
	GlobalSection(SolutionProperties) = preSolution
		HideSolutionNode = FALSE
	EndGlobalSection
	GlobalSection(ExtensibilityGlobals) = postSolution
		SolutionGuid = {3299DF41-1EFC-4894-A9FF-02F006826573}
	EndGlobalSection
EndGlobal
